
Microsoft Visual Studio Solution File, Format Version 12.00
# Visual Studio Version 16
VisualStudioVersion = 16.0.31205.134
MinimumVisualStudioVersion = 10.0.40219.1
Project("{9A19103F-16F7-4668-BE54-9A1E7A4F7556}") = "Aula 1", "Aulas\Aula 1\Aula 1.csproj", "{C0DC3A10-EF0A-497F-A628-DD2C44DB5C06}"
EndProject
Project("{9A19103F-16F7-4668-BE54-9A1E7A4F7556}") = "Aula 2", "Aulas\Aula 2\Aula 2.csproj", "{2490FFD6-4A58-459F-A503-EEA8F46B4D9B}"
EndProject
Project("{9A19103F-16F7-4668-BE54-9A1E7A4F7556}") = "Aula 3 - Arrays", "Aulas\Aula 3\Aula 3 - Arrays.csproj", "{549BBCCC-3D18-4106-B7A9-2AF4A01AB6D2}"
EndProject
Project("{9A19103F-16F7-4668-BE54-9A1E7A4F7556}") = "Aula 4", "Aulas\Aula 4\Aula 4.csproj", "{D2716723-8F8B-4155-9265-200D21999A95}"
EndProject
Project("{9A19103F-16F7-4668-BE54-9A1E7A4F7556}") = "Aula 5", "Aulas\Aula 5\Aula 5.csproj", "{D44BB81E-A640-45C5-9FAF-1B6CE88B1230}"
EndProject
Project("{9A19103F-16F7-4668-BE54-9A1E7A4F7556}") = "Aula 6", "Aulas\Aula 6\Aula 6.csproj", "{43B79A80-DE33-46B6-9953-5B6717408E2B}"
EndProject
Project("{9A19103F-16F7-4668-BE54-9A1E7A4F7556}") = "Aula 7", "Aulas\Aula 7\Aula 7.csproj", "{1F24AB60-C0B5-4897-BC99-C3B25C0EE344}"
EndProject
Project("{9A19103F-16F7-4668-BE54-9A1E7A4F7556}") = "AulaExtra", "Aulas\AulaExtra\AulaExtra.csproj", "{865866CD-6718-4BDC-88DA-5B1197C0D266}"
EndProject
Project("{9A19103F-16F7-4668-BE54-9A1E7A4F7556}") = "Aula 8 - Pilares POO", "Aulas\Aula 8\Aula 8 - Pilares POO.csproj", "{B590BE29-E76B-4D74-A03A-0330DF5BB1D5}"
EndProject
Project("{9A19103F-16F7-4668-BE54-9A1E7A4F7556}") = "ExercSlides", "Aulas\ExercSlides\ExercSlides.csproj", "{13E2947A-4138-49B6-A843-5D72DF572EA4}"
EndProject
Project("{9A19103F-16F7-4668-BE54-9A1E7A4F7556}") = "ExerFolha3", "Aulas\ExecrFolha3\ExerFolha3.csproj", "{D49169FE-1BCE-4B77-8C48-31A3C35172C6}"
EndProject
Project("{FAE04EC0-301F-11D3-BF4B-00C04F79EFBC}") = "Aula 10 - Exceptions", "Aulas\Aula 10 - Exceptions\Aula 10 - Exceptions.csproj", "{39708E34-D7A9-4C95-B2D6-57C28B25F8EB}"
EndProject
Project("{FAE04EC0-301F-11D3-BF4B-00C04F79EFBC}") = "Aula 10 - Exceptions I", "Aulas\Aula 10 - Exceptions I\Aula 10 - Exceptions I.csproj", "{3FC37F32-2D62-4331-82C0-534A9398D509}"
EndProject
Project("{9A19103F-16F7-4668-BE54-9A1E7A4F7556}") = "Aula 9 - Collections", "Aulas\Aula 9 - Collections\Aula 9 - Collections.csproj", "{624D915B-EA6C-41D3-8E2F-2EA8EDE56185}"
EndProject
Project("{9A19103F-16F7-4668-BE54-9A1E7A4F7556}") = "Aula 11 - Files", "Aulas\Aula 11 - Files\Aula 11 - Files.csproj", "{39A55A35-C1E1-4E4A-8519-789C47B0E0D3}"
EndProject
Project("{9A19103F-16F7-4668-BE54-9A1E7A4F7556}") = "Teste_2020_2021", "Aulas\Teste_2020_2021\Teste_2020_2021.csproj", "{502B5267-0E2F-4A57-A02B-ECE14CDB9F82}"
EndProject
Project("{9A19103F-16F7-4668-BE54-9A1E7A4F7556}") = "Teste_2022_2023", "Aulas\Teste_2022_2023\Teste_2022_2023.csproj", "{F627DFBD-DDAE-498F-B54C-9614C71D5DB1}"
EndProject
Project("{9A19103F-16F7-4668-BE54-9A1E7A4F7556}") = "Aula 12 - Generics", "Aulas\Aula 12 - Generics\Aula 12 - Generics.csproj", "{3E6BFBDF-ADBC-43F4-991D-AA22DC68C365}"
EndProject
Project("{9A19103F-16F7-4668-BE54-9A1E7A4F7556}") = "Aula 12 - Generics II", "Aulas\Aula 12 - Generics II\Aula 12 - Generics II.csproj", "{DD51C197-0FA0-4FD0-8B6A-9A7E69140955}"
EndProject
Project("{2150E333-8FDC-42A3-9474-1A3956D46DE8}") = "Aula 13 - Patterns", "Aula 13 - Patterns", "{17A62ECB-D20D-4C1C-B4AD-C4CDBAB85D6B}"
EndProject
Project("{2150E333-8FDC-42A3-9474-1A3956D46DE8}") = "NTier", "NTier", "{E5F5F15D-5D45-44F8-9B8A-8713A60D9304}"
EndProject
Project("{2150E333-8FDC-42A3-9474-1A3956D46DE8}") = "MVC", "MVC", "{DE30356E-A029-4751-93E1-F33DB338B63B}"
EndProject
Project("{FAE04EC0-301F-11D3-BF4B-00C04F79EFBC}") = "Aula 13 - MVC_I", "Aulas\Aula 13 - Patterns\MVC\Aula 13 - MVC_I\Aula 13 - MVC_I.csproj", "{F07A5802-0E69-4252-A885-B5AAF72C6B27}"
EndProject
Project("{FAE04EC0-301F-11D3-BF4B-00C04F79EFBC}") = "Aula 13 - MVC_II", "Aulas\Aula 13 - Patterns\MVC\Aula 13 - MVC_II\Aula 13 - MVC_II.csproj", "{F10A19C6-A2B5-4DD8-BA4E-97940126D16D}"
EndProject
Project("{2150E333-8FDC-42A3-9474-1A3956D46DE8}") = "CAMADAS", "CAMADAS", "{63509A5F-42F7-4A86-85B2-29C96BBE3AAD}"
EndProject
Project("{FAE04EC0-301F-11D3-BF4B-00C04F79EFBC}") = "BL", "Aulas\Aula 13 - Patterns\NTier II\BL\BL.csproj", "{F7915FB2-0BCC-41A2-997F-117555F335AF}"
EndProject
Project("{FAE04EC0-301F-11D3-BF4B-00C04F79EFBC}") = "BO", "Aulas\Aula 13 - Patterns\NTier II\BO\BO.csproj", "{B215DB00-29E7-46AA-AAA5-86B4B331B66D}"
EndProject
Project("{FAE04EC0-301F-11D3-BF4B-00C04F79EFBC}") = "DL", "Aulas\Aula 13 - Patterns\NTier II\DL\DL.csproj", "{51B461D1-7ED6-4F92-A7A5-B5FE431D0482}"
EndProject
Project("{FAE04EC0-301F-11D3-BF4B-00C04F79EFBC}") = "UsaTudo", "Aulas\Aula 13 - Patterns\NTier II\UsaTudo\UsaTudo.csproj", "{11EAB247-4ECB-470D-B895-E7656D557BD5}"
EndProject
Project("{FAE04EC0-301F-11D3-BF4B-00C04F79EFBC}") = "Aula 13 - Patterns I", "Aulas\Aula 13 - Patterns\Aula 13 - Patterns I\Aula 13 - Patterns I.csproj", "{74C05F15-01DC-4480-A5DA-22D2B138227F}"
EndProject
Project("{FAE04EC0-301F-11D3-BF4B-00C04F79EFBC}") = "Aula 13 - Patterns II", "Aulas\Aula 13 - Patterns\Aula 13 - Patterns II\NTierApp\Aula 13 - Patterns II.csproj", "{F529201C-F7C5-41BE-9171-A44290789608}"
EndProject
Project("{2150E333-8FDC-42A3-9474-1A3956D46DE8}") = "Aula 14 - SOLID", "Aula 14 - SOLID", "{71B8850D-7C4A-4C81-AD67-A38588E55338}"
EndProject
Project("{FAE04EC0-301F-11D3-BF4B-00C04F79EFBC}") = "Aula 14 - IOC", "Aulas\Aula 14 - SOLID\Aula 14 - IOC\Aula 14 - IOC.csproj", "{2EE79660-593F-4523-8E9D-6D62A12A625E}"
EndProject
Project("{FAE04EC0-301F-11D3-BF4B-00C04F79EFBC}") = "Aula 14 - SRP", "Aulas\Aula 14 - SOLID\Aula 14 - SRP\Aula 14 - SRP.csproj", "{66BFDEF8-2A98-49A9-896A-7D72428F7BA9}"
EndProject
Global
	GlobalSection(SolutionConfigurationPlatforms) = preSolution
		Debug|Any CPU = Debug|Any CPU
		Release|Any CPU = Release|Any CPU
	EndGlobalSection
	GlobalSection(ProjectConfigurationPlatforms) = postSolution
		{C0DC3A10-EF0A-497F-A628-DD2C44DB5C06}.Debug|Any CPU.ActiveCfg = Debug|Any CPU
		{C0DC3A10-EF0A-497F-A628-DD2C44DB5C06}.Debug|Any CPU.Build.0 = Debug|Any CPU
		{C0DC3A10-EF0A-497F-A628-DD2C44DB5C06}.Release|Any CPU.ActiveCfg = Release|Any CPU
		{C0DC3A10-EF0A-497F-A628-DD2C44DB5C06}.Release|Any CPU.Build.0 = Release|Any CPU
		{2490FFD6-4A58-459F-A503-EEA8F46B4D9B}.Debug|Any CPU.ActiveCfg = Debug|Any CPU
		{2490FFD6-4A58-459F-A503-EEA8F46B4D9B}.Debug|Any CPU.Build.0 = Debug|Any CPU
		{2490FFD6-4A58-459F-A503-EEA8F46B4D9B}.Release|Any CPU.ActiveCfg = Release|Any CPU
		{2490FFD6-4A58-459F-A503-EEA8F46B4D9B}.Release|Any CPU.Build.0 = Release|Any CPU
		{549BBCCC-3D18-4106-B7A9-2AF4A01AB6D2}.Debug|Any CPU.ActiveCfg = Debug|Any CPU
		{549BBCCC-3D18-4106-B7A9-2AF4A01AB6D2}.Debug|Any CPU.Build.0 = Debug|Any CPU
		{549BBCCC-3D18-4106-B7A9-2AF4A01AB6D2}.Release|Any CPU.ActiveCfg = Release|Any CPU
		{549BBCCC-3D18-4106-B7A9-2AF4A01AB6D2}.Release|Any CPU.Build.0 = Release|Any CPU
		{D2716723-8F8B-4155-9265-200D21999A95}.Debug|Any CPU.ActiveCfg = Debug|Any CPU
		{D2716723-8F8B-4155-9265-200D21999A95}.Debug|Any CPU.Build.0 = Debug|Any CPU
		{D2716723-8F8B-4155-9265-200D21999A95}.Release|Any CPU.ActiveCfg = Release|Any CPU
		{D2716723-8F8B-4155-9265-200D21999A95}.Release|Any CPU.Build.0 = Release|Any CPU
		{D44BB81E-A640-45C5-9FAF-1B6CE88B1230}.Debug|Any CPU.ActiveCfg = Debug|Any CPU
		{D44BB81E-A640-45C5-9FAF-1B6CE88B1230}.Debug|Any CPU.Build.0 = Debug|Any CPU
		{D44BB81E-A640-45C5-9FAF-1B6CE88B1230}.Release|Any CPU.ActiveCfg = Release|Any CPU
		{D44BB81E-A640-45C5-9FAF-1B6CE88B1230}.Release|Any CPU.Build.0 = Release|Any CPU
		{43B79A80-DE33-46B6-9953-5B6717408E2B}.Debug|Any CPU.ActiveCfg = Debug|Any CPU
		{43B79A80-DE33-46B6-9953-5B6717408E2B}.Debug|Any CPU.Build.0 = Debug|Any CPU
		{43B79A80-DE33-46B6-9953-5B6717408E2B}.Release|Any CPU.ActiveCfg = Release|Any CPU
		{43B79A80-DE33-46B6-9953-5B6717408E2B}.Release|Any CPU.Build.0 = Release|Any CPU
		{1F24AB60-C0B5-4897-BC99-C3B25C0EE344}.Debug|Any CPU.ActiveCfg = Debug|Any CPU
		{1F24AB60-C0B5-4897-BC99-C3B25C0EE344}.Debug|Any CPU.Build.0 = Debug|Any CPU
		{1F24AB60-C0B5-4897-BC99-C3B25C0EE344}.Release|Any CPU.ActiveCfg = Release|Any CPU
		{1F24AB60-C0B5-4897-BC99-C3B25C0EE344}.Release|Any CPU.Build.0 = Release|Any CPU
		{865866CD-6718-4BDC-88DA-5B1197C0D266}.Debug|Any CPU.ActiveCfg = Debug|Any CPU
		{865866CD-6718-4BDC-88DA-5B1197C0D266}.Debug|Any CPU.Build.0 = Debug|Any CPU
		{865866CD-6718-4BDC-88DA-5B1197C0D266}.Release|Any CPU.ActiveCfg = Release|Any CPU
		{865866CD-6718-4BDC-88DA-5B1197C0D266}.Release|Any CPU.Build.0 = Release|Any CPU
		{B590BE29-E76B-4D74-A03A-0330DF5BB1D5}.Debug|Any CPU.ActiveCfg = Debug|Any CPU
		{B590BE29-E76B-4D74-A03A-0330DF5BB1D5}.Debug|Any CPU.Build.0 = Debug|Any CPU
		{B590BE29-E76B-4D74-A03A-0330DF5BB1D5}.Release|Any CPU.ActiveCfg = Release|Any CPU
		{B590BE29-E76B-4D74-A03A-0330DF5BB1D5}.Release|Any CPU.Build.0 = Release|Any CPU
		{13E2947A-4138-49B6-A843-5D72DF572EA4}.Debug|Any CPU.ActiveCfg = Debug|Any CPU
		{13E2947A-4138-49B6-A843-5D72DF572EA4}.Debug|Any CPU.Build.0 = Debug|Any CPU
		{13E2947A-4138-49B6-A843-5D72DF572EA4}.Release|Any CPU.ActiveCfg = Release|Any CPU
		{13E2947A-4138-49B6-A843-5D72DF572EA4}.Release|Any CPU.Build.0 = Release|Any CPU
		{D49169FE-1BCE-4B77-8C48-31A3C35172C6}.Debug|Any CPU.ActiveCfg = Debug|Any CPU
		{D49169FE-1BCE-4B77-8C48-31A3C35172C6}.Debug|Any CPU.Build.0 = Debug|Any CPU
		{D49169FE-1BCE-4B77-8C48-31A3C35172C6}.Release|Any CPU.ActiveCfg = Release|Any CPU
		{D49169FE-1BCE-4B77-8C48-31A3C35172C6}.Release|Any CPU.Build.0 = Release|Any CPU
		{39708E34-D7A9-4C95-B2D6-57C28B25F8EB}.Debug|Any CPU.ActiveCfg = Debug|Any CPU
		{39708E34-D7A9-4C95-B2D6-57C28B25F8EB}.Debug|Any CPU.Build.0 = Debug|Any CPU
		{39708E34-D7A9-4C95-B2D6-57C28B25F8EB}.Release|Any CPU.ActiveCfg = Release|Any CPU
		{39708E34-D7A9-4C95-B2D6-57C28B25F8EB}.Release|Any CPU.Build.0 = Release|Any CPU
		{3FC37F32-2D62-4331-82C0-534A9398D509}.Debug|Any CPU.ActiveCfg = Debug|Any CPU
		{3FC37F32-2D62-4331-82C0-534A9398D509}.Debug|Any CPU.Build.0 = Debug|Any CPU
		{3FC37F32-2D62-4331-82C0-534A9398D509}.Release|Any CPU.ActiveCfg = Release|Any CPU
		{3FC37F32-2D62-4331-82C0-534A9398D509}.Release|Any CPU.Build.0 = Release|Any CPU
		{624D915B-EA6C-41D3-8E2F-2EA8EDE56185}.Debug|Any CPU.ActiveCfg = Debug|Any CPU
		{624D915B-EA6C-41D3-8E2F-2EA8EDE56185}.Debug|Any CPU.Build.0 = Debug|Any CPU
		{624D915B-EA6C-41D3-8E2F-2EA8EDE56185}.Release|Any CPU.ActiveCfg = Release|Any CPU
		{624D915B-EA6C-41D3-8E2F-2EA8EDE56185}.Release|Any CPU.Build.0 = Release|Any CPU
		{39A55A35-C1E1-4E4A-8519-789C47B0E0D3}.Debug|Any CPU.ActiveCfg = Debug|Any CPU
		{39A55A35-C1E1-4E4A-8519-789C47B0E0D3}.Debug|Any CPU.Build.0 = Debug|Any CPU
		{39A55A35-C1E1-4E4A-8519-789C47B0E0D3}.Release|Any CPU.ActiveCfg = Release|Any CPU
		{39A55A35-C1E1-4E4A-8519-789C47B0E0D3}.Release|Any CPU.Build.0 = Release|Any CPU
		{502B5267-0E2F-4A57-A02B-ECE14CDB9F82}.Debug|Any CPU.ActiveCfg = Debug|Any CPU
		{502B5267-0E2F-4A57-A02B-ECE14CDB9F82}.Debug|Any CPU.Build.0 = Debug|Any CPU
		{502B5267-0E2F-4A57-A02B-ECE14CDB9F82}.Release|Any CPU.ActiveCfg = Release|Any CPU
		{502B5267-0E2F-4A57-A02B-ECE14CDB9F82}.Release|Any CPU.Build.0 = Release|Any CPU
		{F627DFBD-DDAE-498F-B54C-9614C71D5DB1}.Debug|Any CPU.ActiveCfg = Debug|Any CPU
		{F627DFBD-DDAE-498F-B54C-9614C71D5DB1}.Debug|Any CPU.Build.0 = Debug|Any CPU
		{F627DFBD-DDAE-498F-B54C-9614C71D5DB1}.Release|Any CPU.ActiveCfg = Release|Any CPU
		{F627DFBD-DDAE-498F-B54C-9614C71D5DB1}.Release|Any CPU.Build.0 = Release|Any CPU
		{3E6BFBDF-ADBC-43F4-991D-AA22DC68C365}.Debug|Any CPU.ActiveCfg = Debug|Any CPU
		{3E6BFBDF-ADBC-43F4-991D-AA22DC68C365}.Debug|Any CPU.Build.0 = Debug|Any CPU
		{3E6BFBDF-ADBC-43F4-991D-AA22DC68C365}.Release|Any CPU.ActiveCfg = Release|Any CPU
		{3E6BFBDF-ADBC-43F4-991D-AA22DC68C365}.Release|Any CPU.Build.0 = Release|Any CPU
		{DD51C197-0FA0-4FD0-8B6A-9A7E69140955}.Debug|Any CPU.ActiveCfg = Debug|Any CPU
		{DD51C197-0FA0-4FD0-8B6A-9A7E69140955}.Debug|Any CPU.Build.0 = Debug|Any CPU
		{DD51C197-0FA0-4FD0-8B6A-9A7E69140955}.Release|Any CPU.ActiveCfg = Release|Any CPU
		{DD51C197-0FA0-4FD0-8B6A-9A7E69140955}.Release|Any CPU.Build.0 = Release|Any CPU
		{F07A5802-0E69-4252-A885-B5AAF72C6B27}.Debug|Any CPU.ActiveCfg = Debug|Any CPU
		{F07A5802-0E69-4252-A885-B5AAF72C6B27}.Debug|Any CPU.Build.0 = Debug|Any CPU
		{F07A5802-0E69-4252-A885-B5AAF72C6B27}.Release|Any CPU.ActiveCfg = Release|Any CPU
		{F07A5802-0E69-4252-A885-B5AAF72C6B27}.Release|Any CPU.Build.0 = Release|Any CPU
		{F10A19C6-A2B5-4DD8-BA4E-97940126D16D}.Debug|Any CPU.ActiveCfg = Debug|Any CPU
		{F10A19C6-A2B5-4DD8-BA4E-97940126D16D}.Debug|Any CPU.Build.0 = Debug|Any CPU
		{F10A19C6-A2B5-4DD8-BA4E-97940126D16D}.Release|Any CPU.ActiveCfg = Release|Any CPU
		{F10A19C6-A2B5-4DD8-BA4E-97940126D16D}.Release|Any CPU.Build.0 = Release|Any CPU
		{F7915FB2-0BCC-41A2-997F-117555F335AF}.Debug|Any CPU.ActiveCfg = Debug|Any CPU
		{F7915FB2-0BCC-41A2-997F-117555F335AF}.Debug|Any CPU.Build.0 = Debug|Any CPU
		{F7915FB2-0BCC-41A2-997F-117555F335AF}.Release|Any CPU.ActiveCfg = Release|Any CPU
		{F7915FB2-0BCC-41A2-997F-117555F335AF}.Release|Any CPU.Build.0 = Release|Any CPU
		{B215DB00-29E7-46AA-AAA5-86B4B331B66D}.Debug|Any CPU.ActiveCfg = Debug|Any CPU
		{B215DB00-29E7-46AA-AAA5-86B4B331B66D}.Debug|Any CPU.Build.0 = Debug|Any CPU
		{B215DB00-29E7-46AA-AAA5-86B4B331B66D}.Release|Any CPU.ActiveCfg = Release|Any CPU
		{B215DB00-29E7-46AA-AAA5-86B4B331B66D}.Release|Any CPU.Build.0 = Release|Any CPU
		{51B461D1-7ED6-4F92-A7A5-B5FE431D0482}.Debug|Any CPU.ActiveCfg = Debug|Any CPU
		{51B461D1-7ED6-4F92-A7A5-B5FE431D0482}.Debug|Any CPU.Build.0 = Debug|Any CPU
		{51B461D1-7ED6-4F92-A7A5-B5FE431D0482}.Release|Any CPU.ActiveCfg = Release|Any CPU
		{51B461D1-7ED6-4F92-A7A5-B5FE431D0482}.Release|Any CPU.Build.0 = Release|Any CPU
		{11EAB247-4ECB-470D-B895-E7656D557BD5}.Debug|Any CPU.ActiveCfg = Debug|Any CPU
		{11EAB247-4ECB-470D-B895-E7656D557BD5}.Debug|Any CPU.Build.0 = Debug|Any CPU
		{11EAB247-4ECB-470D-B895-E7656D557BD5}.Release|Any CPU.ActiveCfg = Release|Any CPU
		{11EAB247-4ECB-470D-B895-E7656D557BD5}.Release|Any CPU.Build.0 = Release|Any CPU
		{74C05F15-01DC-4480-A5DA-22D2B138227F}.Debug|Any CPU.ActiveCfg = Debug|Any CPU
		{74C05F15-01DC-4480-A5DA-22D2B138227F}.Debug|Any CPU.Build.0 = Debug|Any CPU
		{74C05F15-01DC-4480-A5DA-22D2B138227F}.Release|Any CPU.ActiveCfg = Release|Any CPU
		{74C05F15-01DC-4480-A5DA-22D2B138227F}.Release|Any CPU.Build.0 = Release|Any CPU
		{F529201C-F7C5-41BE-9171-A44290789608}.Debug|Any CPU.ActiveCfg = Debug|Any CPU
		{F529201C-F7C5-41BE-9171-A44290789608}.Debug|Any CPU.Build.0 = Debug|Any CPU
		{F529201C-F7C5-41BE-9171-A44290789608}.Release|Any CPU.ActiveCfg = Release|Any CPU
		{F529201C-F7C5-41BE-9171-A44290789608}.Release|Any CPU.Build.0 = Release|Any CPU
		{2EE79660-593F-4523-8E9D-6D62A12A625E}.Debug|Any CPU.ActiveCfg = Debug|Any CPU
		{2EE79660-593F-4523-8E9D-6D62A12A625E}.Debug|Any CPU.Build.0 = Debug|Any CPU
		{2EE79660-593F-4523-8E9D-6D62A12A625E}.Release|Any CPU.ActiveCfg = Release|Any CPU
		{2EE79660-593F-4523-8E9D-6D62A12A625E}.Release|Any CPU.Build.0 = Release|Any CPU
		{66BFDEF8-2A98-49A9-896A-7D72428F7BA9}.Debug|Any CPU.ActiveCfg = Debug|Any CPU
		{66BFDEF8-2A98-49A9-896A-7D72428F7BA9}.Debug|Any CPU.Build.0 = Debug|Any CPU
		{66BFDEF8-2A98-49A9-896A-7D72428F7BA9}.Release|Any CPU.ActiveCfg = Release|Any CPU
		{66BFDEF8-2A98-49A9-896A-7D72428F7BA9}.Release|Any CPU.Build.0 = Release|Any CPU
	EndGlobalSection
	GlobalSection(SolutionProperties) = preSolution
		HideSolutionNode = FALSE
	EndGlobalSection
	GlobalSection(NestedProjects) = preSolution
		{E5F5F15D-5D45-44F8-9B8A-8713A60D9304} = {17A62ECB-D20D-4C1C-B4AD-C4CDBAB85D6B}
		{DE30356E-A029-4751-93E1-F33DB338B63B} = {17A62ECB-D20D-4C1C-B4AD-C4CDBAB85D6B}
		{F07A5802-0E69-4252-A885-B5AAF72C6B27} = {DE30356E-A029-4751-93E1-F33DB338B63B}
		{F10A19C6-A2B5-4DD8-BA4E-97940126D16D} = {DE30356E-A029-4751-93E1-F33DB338B63B}
		{63509A5F-42F7-4A86-85B2-29C96BBE3AAD} = {E5F5F15D-5D45-44F8-9B8A-8713A60D9304}
		{F7915FB2-0BCC-41A2-997F-117555F335AF} = {63509A5F-42F7-4A86-85B2-29C96BBE3AAD}
		{B215DB00-29E7-46AA-AAA5-86B4B331B66D} = {63509A5F-42F7-4A86-85B2-29C96BBE3AAD}
		{51B461D1-7ED6-4F92-A7A5-B5FE431D0482} = {63509A5F-42F7-4A86-85B2-29C96BBE3AAD}
		{11EAB247-4ECB-470D-B895-E7656D557BD5} = {63509A5F-42F7-4A86-85B2-29C96BBE3AAD}
		{74C05F15-01DC-4480-A5DA-22D2B138227F} = {E5F5F15D-5D45-44F8-9B8A-8713A60D9304}
		{F529201C-F7C5-41BE-9171-A44290789608} = {E5F5F15D-5D45-44F8-9B8A-8713A60D9304}
		{2EE79660-593F-4523-8E9D-6D62A12A625E} = {71B8850D-7C4A-4C81-AD67-A38588E55338}
		{66BFDEF8-2A98-49A9-896A-7D72428F7BA9} = {71B8850D-7C4A-4C81-AD67-A38588E55338}
	EndGlobalSection
	GlobalSection(ExtensibilityGlobals) = postSolution
		SolutionGuid = {A914ADCE-458C-48FF-8C5A-E5865A82BC29}
	EndGlobalSection
EndGlobal
