
Microsoft Visual Studio Solution File, Format Version 12.00
# Visual Studio Version 16
VisualStudioVersion = 16.0.31205.134
MinimumVisualStudioVersion = 10.0.40219.1
Project("{9A19103F-16F7-4668-BE54-9A1E7A4F7556}") = "Aula 1", "Aulas\Aula 1\Aula 1.csproj", "{C0DC3A10-EF0A-497F-A628-DD2C44DB5C06}"
EndProject
Project("{9A19103F-16F7-4668-BE54-9A1E7A4F7556}") = "Aula 2", "Aulas\Aula 2\Aula 2.csproj", "{2490FFD6-4A58-459F-A503-EEA8F46B4D9B}"
EndProject
Project("{9A19103F-16F7-4668-BE54-9A1E7A4F7556}") = "Aula 3", "Aulas\Aula 3\Aula 3.csproj", "{549BBCCC-3D18-4106-B7A9-2AF4A01AB6D2}"
EndProject
Project("{9A19103F-16F7-4668-BE54-9A1E7A4F7556}") = "Aula 4", "Aulas\Aula 4\Aula 4.csproj", "{D2716723-8F8B-4155-9265-200D21999A95}"
EndProject
Project("{9A19103F-16F7-4668-BE54-9A1E7A4F7556}") = "Aula 5", "Aulas\Aula 5\Aula 5.csproj", "{D44BB81E-A640-45C5-9FAF-1B6CE88B1230}"
EndProject
Project("{9A19103F-16F7-4668-BE54-9A1E7A4F7556}") = "Aula 6", "Aulas\Aula 6\Aula 6.csproj", "{43B79A80-DE33-46B6-9953-5B6717408E2B}"
EndProject
Project("{9A19103F-16F7-4668-BE54-9A1E7A4F7556}") = "Aula 7", "Aulas\Aula 7\Aula 7.csproj", "{1F24AB60-C0B5-4897-BC99-C3B25C0EE344}"
EndProject
Project("{9A19103F-16F7-4668-BE54-9A1E7A4F7556}") = "AulaExtra", "Aulas\AulaExtra\AulaExtra.csproj", "{865866CD-6718-4BDC-88DA-5B1197C0D266}"
EndProject
Project("{9A19103F-16F7-4668-BE54-9A1E7A4F7556}") = "Aula 8 - Pilares POO", "Aulas\Aula 8\Aula 8 - Pilares POO.csproj", "{B590BE29-E76B-4D74-A03A-0330DF5BB1D5}"
EndProject
Global
	GlobalSection(SolutionConfigurationPlatforms) = preSolution
		Debug|Any CPU = Debug|Any CPU
		Release|Any CPU = Release|Any CPU
	EndGlobalSection
	GlobalSection(ProjectConfigurationPlatforms) = postSolution
		{C0DC3A10-EF0A-497F-A628-DD2C44DB5C06}.Debug|Any CPU.ActiveCfg = Debug|Any CPU
		{C0DC3A10-EF0A-497F-A628-DD2C44DB5C06}.Debug|Any CPU.Build.0 = Debug|Any CPU
		{C0DC3A10-EF0A-497F-A628-DD2C44DB5C06}.Release|Any CPU.ActiveCfg = Release|Any CPU
		{C0DC3A10-EF0A-497F-A628-DD2C44DB5C06}.Release|Any CPU.Build.0 = Release|Any CPU
		{2490FFD6-4A58-459F-A503-EEA8F46B4D9B}.Debug|Any CPU.ActiveCfg = Debug|Any CPU
		{2490FFD6-4A58-459F-A503-EEA8F46B4D9B}.Debug|Any CPU.Build.0 = Debug|Any CPU
		{2490FFD6-4A58-459F-A503-EEA8F46B4D9B}.Release|Any CPU.ActiveCfg = Release|Any CPU
		{2490FFD6-4A58-459F-A503-EEA8F46B4D9B}.Release|Any CPU.Build.0 = Release|Any CPU
		{549BBCCC-3D18-4106-B7A9-2AF4A01AB6D2}.Debug|Any CPU.ActiveCfg = Debug|Any CPU
		{549BBCCC-3D18-4106-B7A9-2AF4A01AB6D2}.Debug|Any CPU.Build.0 = Debug|Any CPU
		{549BBCCC-3D18-4106-B7A9-2AF4A01AB6D2}.Release|Any CPU.ActiveCfg = Release|Any CPU
		{549BBCCC-3D18-4106-B7A9-2AF4A01AB6D2}.Release|Any CPU.Build.0 = Release|Any CPU
		{D2716723-8F8B-4155-9265-200D21999A95}.Debug|Any CPU.ActiveCfg = Debug|Any CPU
		{D2716723-8F8B-4155-9265-200D21999A95}.Debug|Any CPU.Build.0 = Debug|Any CPU
		{D2716723-8F8B-4155-9265-200D21999A95}.Release|Any CPU.ActiveCfg = Release|Any CPU
		{D2716723-8F8B-4155-9265-200D21999A95}.Release|Any CPU.Build.0 = Release|Any CPU
		{D44BB81E-A640-45C5-9FAF-1B6CE88B1230}.Debug|Any CPU.ActiveCfg = Debug|Any CPU
		{D44BB81E-A640-45C5-9FAF-1B6CE88B1230}.Debug|Any CPU.Build.0 = Debug|Any CPU
		{D44BB81E-A640-45C5-9FAF-1B6CE88B1230}.Release|Any CPU.ActiveCfg = Release|Any CPU
		{D44BB81E-A640-45C5-9FAF-1B6CE88B1230}.Release|Any CPU.Build.0 = Release|Any CPU
		{43B79A80-DE33-46B6-9953-5B6717408E2B}.Debug|Any CPU.ActiveCfg = Debug|Any CPU
		{43B79A80-DE33-46B6-9953-5B6717408E2B}.Debug|Any CPU.Build.0 = Debug|Any CPU
		{43B79A80-DE33-46B6-9953-5B6717408E2B}.Release|Any CPU.ActiveCfg = Release|Any CPU
		{43B79A80-DE33-46B6-9953-5B6717408E2B}.Release|Any CPU.Build.0 = Release|Any CPU
		{1F24AB60-C0B5-4897-BC99-C3B25C0EE344}.Debug|Any CPU.ActiveCfg = Debug|Any CPU
		{1F24AB60-C0B5-4897-BC99-C3B25C0EE344}.Debug|Any CPU.Build.0 = Debug|Any CPU
		{1F24AB60-C0B5-4897-BC99-C3B25C0EE344}.Release|Any CPU.ActiveCfg = Release|Any CPU
		{1F24AB60-C0B5-4897-BC99-C3B25C0EE344}.Release|Any CPU.Build.0 = Release|Any CPU
		{865866CD-6718-4BDC-88DA-5B1197C0D266}.Debug|Any CPU.ActiveCfg = Debug|Any CPU
		{865866CD-6718-4BDC-88DA-5B1197C0D266}.Debug|Any CPU.Build.0 = Debug|Any CPU
		{865866CD-6718-4BDC-88DA-5B1197C0D266}.Release|Any CPU.ActiveCfg = Release|Any CPU
		{865866CD-6718-4BDC-88DA-5B1197C0D266}.Release|Any CPU.Build.0 = Release|Any CPU
		{B590BE29-E76B-4D74-A03A-0330DF5BB1D5}.Debug|Any CPU.ActiveCfg = Debug|Any CPU
		{B590BE29-E76B-4D74-A03A-0330DF5BB1D5}.Debug|Any CPU.Build.0 = Debug|Any CPU
		{B590BE29-E76B-4D74-A03A-0330DF5BB1D5}.Release|Any CPU.ActiveCfg = Release|Any CPU
		{B590BE29-E76B-4D74-A03A-0330DF5BB1D5}.Release|Any CPU.Build.0 = Release|Any CPU
	EndGlobalSection
	GlobalSection(SolutionProperties) = preSolution
		HideSolutionNode = FALSE
	EndGlobalSection
	GlobalSection(ExtensibilityGlobals) = postSolution
		SolutionGuid = {A914ADCE-458C-48FF-8C5A-E5865A82BC29}
	EndGlobalSection
EndGlobal
